
Microsoft Visual Studio Solution File, Format Version 12.00
# Visual Studio Version 17
VisualStudioVersion = 17.5.33502.453
MinimumVisualStudioVersion = 10.0.40219.1
Project("{FAE04EC0-301F-11D3-BF4B-00C04F79EFBC}") = "CrudDynamoDB", "CrudDynamoDB.csproj", "{254DD5F8-AF87-429D-8675-9759367ADEB2}"
EndProject
Global
	GlobalSection(SolutionConfigurationPlatforms) = preSolution
		Debug|Any CPU = Debug|Any CPU
		Release|Any CPU = Release|Any CPU
	EndGlobalSection
	GlobalSection(ProjectConfigurationPlatforms) = postSolution
		{254DD5F8-AF87-429D-8675-9759367ADEB2}.Debug|Any CPU.ActiveCfg = Debug|Any CPU
		{254DD5F8-AF87-429D-8675-9759367ADEB2}.Debug|Any CPU.Build.0 = Debug|Any CPU
		{254DD5F8-AF87-429D-8675-9759367ADEB2}.Release|Any CPU.ActiveCfg = Release|Any CPU
		{254DD5F8-AF87-429D-8675-9759367ADEB2}.Release|Any CPU.Build.0 = Release|Any CPU
	EndGlobalSection
	GlobalSection(SolutionProperties) = preSolution
		HideSolutionNode = FALSE
	EndGlobalSection
	GlobalSection(ExtensibilityGlobals) = postSolution
		SolutionGuid = {C876DC8B-D09F-4912-94F5-05B829E19945}
	EndGlobalSection
EndGlobal
